
Microsoft Visual Studio Solution File, Format Version 12.00
# Visual Studio Version 17
VisualStudioVersion = 17.5.002.0
MinimumVisualStudioVersion = 10.0.40219.1
Project("{2150E333-8FDC-42A3-9474-1A3956D46DE8}") = "csharp-prep", "csharp-prep", "{C589080C-B42C-4C32-8D48-AD33936EFAE3}"
EndProject
Project("{9A19103F-16F7-4668-BE54-9A1E7A4F7556}") = "Prep1", "csharp-prep\Prep1\Prep1.csproj", "{6CA35140-CDCB-460B-AA22-6F13CECE19B2}"
EndProject
Project("{9A19103F-16F7-4668-BE54-9A1E7A4F7556}") = "Prep2", "csharp-prep\Prep2\Prep2.csproj", "{97F47F78-D4FC-4532-9A67-755419D347D3}"
EndProject
Project("{9A19103F-16F7-4668-BE54-9A1E7A4F7556}") = "Prep3", "csharp-prep\Prep3\Prep3.csproj", "{84A5C79B-61C7-4804-9DAB-08A48D473A6A}"
EndProject
Project("{9A19103F-16F7-4668-BE54-9A1E7A4F7556}") = "Prep4", "csharp-prep\Prep4\Prep4.csproj", "{15DA3282-55A2-4FF2-BC72-092F0DBDAEA3}"
EndProject
Project("{9A19103F-16F7-4668-BE54-9A1E7A4F7556}") = "Prep5", "csharp-prep\Prep5\Prep5.csproj", "{CABF6EDD-6A92-493F-9BF3-894A2167789B}"
EndProject
Project("{2150E333-8FDC-42A3-9474-1A3956D46DE8}") = "final", "final", "{C2B7C2CD-EF74-4E92-B184-72557902FE8F}"
EndProject
Project("{9A19103F-16F7-4668-BE54-9A1E7A4F7556}") = "FinalProject", "final\FinalProject\FinalProject.csproj", "{22F22463-ED45-41DD-9E78-D98B518A9EE0}"
EndProject
Project("{9A19103F-16F7-4668-BE54-9A1E7A4F7556}") = "Foundation1", "final\Foundation1\Foundation1.csproj", "{F805C044-CCED-40DE-A56A-197AF83D3E34}"
EndProject
Project("{9A19103F-16F7-4668-BE54-9A1E7A4F7556}") = "Foundation2", "final\Foundation2\Foundation2.csproj", "{A6A470DF-827F-400C-A25D-34C4DE1017E5}"
EndProject
Project("{9A19103F-16F7-4668-BE54-9A1E7A4F7556}") = "Foundation3", "final\Foundation3\Foundation3.csproj", "{386404ED-B11E-4936-ADCA-A853FD565A97}"
EndProject
Project("{9A19103F-16F7-4668-BE54-9A1E7A4F7556}") = "Foundation4", "final\Foundation4\Foundation4.csproj", "{7062D86C-F943-41A3-B001-DAB8A4BCF45B}"
EndProject
Project("{2150E333-8FDC-42A3-9474-1A3956D46DE8}") = "prepare", "prepare", "{0255E5E1-9CFD-479E-9DC7-3AAD5AB86CF0}"
EndProject
Project("{9A19103F-16F7-4668-BE54-9A1E7A4F7556}") = "Learning02", "prepare\Learning02\Learning02.csproj", "{5DEF9A38-7004-4692-9E51-522045AAACB8}"
EndProject
Project("{9A19103F-16F7-4668-BE54-9A1E7A4F7556}") = "Learning03", "prepare\Learning03\Learning03.csproj", "{6A1521E3-F3A5-4DA5-93BB-E9A3D7B98F0C}"
EndProject
Project("{9A19103F-16F7-4668-BE54-9A1E7A4F7556}") = "Learning04", "prepare\Learning04\Learning04.csproj", "{EAFD7740-5E10-4DFA-97B9-47E22B65F4F4}"
EndProject
Project("{9A19103F-16F7-4668-BE54-9A1E7A4F7556}") = "Learning05", "prepare\Learning05\Learning05.csproj", "{94BA4799-45A7-4FF3-9916-A01E2E4E24AD}"
EndProject
Project("{2150E333-8FDC-42A3-9474-1A3956D46DE8}") = "prove", "prove", "{BAA63BF5-A415-4C97-9187-C0FF1802E491}"
EndProject
Project("{9A19103F-16F7-4668-BE54-9A1E7A4F7556}") = "Develop02", "prove\Develop02\Develop02.csproj", "{270FA976-8D0D-4457-BEA0-8A89039F2301}"
EndProject
Project("{9A19103F-16F7-4668-BE54-9A1E7A4F7556}") = "Develop03", "prove\Develop03\Develop03.csproj", "{7887C340-FE28-4223-B1D7-D059B7689CA4}"
EndProject
Project("{9A19103F-16F7-4668-BE54-9A1E7A4F7556}") = "Develop04", "prove\Develop04\Develop04.csproj", "{2CD176EF-8B97-4A85-8E74-48CFB1C0101D}"
EndProject
Project("{9A19103F-16F7-4668-BE54-9A1E7A4F7556}") = "Develop05", "prove\Develop05\Develop05.csproj", "{DF9FD19D-49A8-4D1A-AC3C-AE611467464B}"
EndProject
Project("{2150E333-8FDC-42A3-9474-1A3956D46DE8}") = "sandbox", "sandbox", "{4F676F70-78CD-4F99-BF66-F98382F712B4}"
EndProject
Project("{9A19103F-16F7-4668-BE54-9A1E7A4F7556}") = "Sandbox", "sandbox\Sandbox\Sandbox.csproj", "{3728B5A3-A255-493F-BA8B-CE69AAAC556F}"
EndProject
Global
	GlobalSection(SolutionConfigurationPlatforms) = preSolution
		Debug|Any CPU = Debug|Any CPU
		Release|Any CPU = Release|Any CPU
	EndGlobalSection
	GlobalSection(ProjectConfigurationPlatforms) = postSolution
		{6CA35140-CDCB-460B-AA22-6F13CECE19B2}.Debug|Any CPU.ActiveCfg = Debug|Any CPU
		{6CA35140-CDCB-460B-AA22-6F13CECE19B2}.Debug|Any CPU.Build.0 = Debug|Any CPU
		{6CA35140-CDCB-460B-AA22-6F13CECE19B2}.Release|Any CPU.ActiveCfg = Release|Any CPU
		{6CA35140-CDCB-460B-AA22-6F13CECE19B2}.Release|Any CPU.Build.0 = Release|Any CPU
		{97F47F78-D4FC-4532-9A67-755419D347D3}.Debug|Any CPU.ActiveCfg = Debug|Any CPU
		{97F47F78-D4FC-4532-9A67-755419D347D3}.Debug|Any CPU.Build.0 = Debug|Any CPU
		{97F47F78-D4FC-4532-9A67-755419D347D3}.Release|Any CPU.ActiveCfg = Release|Any CPU
		{97F47F78-D4FC-4532-9A67-755419D347D3}.Release|Any CPU.Build.0 = Release|Any CPU
		{84A5C79B-61C7-4804-9DAB-08A48D473A6A}.Debug|Any CPU.ActiveCfg = Debug|Any CPU
		{84A5C79B-61C7-4804-9DAB-08A48D473A6A}.Debug|Any CPU.Build.0 = Debug|Any CPU
		{84A5C79B-61C7-4804-9DAB-08A48D473A6A}.Release|Any CPU.ActiveCfg = Release|Any CPU
		{84A5C79B-61C7-4804-9DAB-08A48D473A6A}.Release|Any CPU.Build.0 = Release|Any CPU
		{15DA3282-55A2-4FF2-BC72-092F0DBDAEA3}.Debug|Any CPU.ActiveCfg = Debug|Any CPU
		{15DA3282-55A2-4FF2-BC72-092F0DBDAEA3}.Debug|Any CPU.Build.0 = Debug|Any CPU
		{15DA3282-55A2-4FF2-BC72-092F0DBDAEA3}.Release|Any CPU.ActiveCfg = Release|Any CPU
		{15DA3282-55A2-4FF2-BC72-092F0DBDAEA3}.Release|Any CPU.Build.0 = Release|Any CPU
		{CABF6EDD-6A92-493F-9BF3-894A2167789B}.Debug|Any CPU.ActiveCfg = Debug|Any CPU
		{CABF6EDD-6A92-493F-9BF3-894A2167789B}.Debug|Any CPU.Build.0 = Debug|Any CPU
		{CABF6EDD-6A92-493F-9BF3-894A2167789B}.Release|Any CPU.ActiveCfg = Release|Any CPU
		{CABF6EDD-6A92-493F-9BF3-894A2167789B}.Release|Any CPU.Build.0 = Release|Any CPU
		{22F22463-ED45-41DD-9E78-D98B518A9EE0}.Debug|Any CPU.ActiveCfg = Debug|Any CPU
		{22F22463-ED45-41DD-9E78-D98B518A9EE0}.Debug|Any CPU.Build.0 = Debug|Any CPU
		{22F22463-ED45-41DD-9E78-D98B518A9EE0}.Release|Any CPU.ActiveCfg = Release|Any CPU
		{22F22463-ED45-41DD-9E78-D98B518A9EE0}.Release|Any CPU.Build.0 = Release|Any CPU
		{F805C044-CCED-40DE-A56A-197AF83D3E34}.Debug|Any CPU.ActiveCfg = Debug|Any CPU
		{F805C044-CCED-40DE-A56A-197AF83D3E34}.Debug|Any CPU.Build.0 = Debug|Any CPU
		{F805C044-CCED-40DE-A56A-197AF83D3E34}.Release|Any CPU.ActiveCfg = Release|Any CPU
		{F805C044-CCED-40DE-A56A-197AF83D3E34}.Release|Any CPU.Build.0 = Release|Any CPU
		{A6A470DF-827F-400C-A25D-34C4DE1017E5}.Debug|Any CPU.ActiveCfg = Debug|Any CPU
		{A6A470DF-827F-400C-A25D-34C4DE1017E5}.Debug|Any CPU.Build.0 = Debug|Any CPU
		{A6A470DF-827F-400C-A25D-34C4DE1017E5}.Release|Any CPU.ActiveCfg = Release|Any CPU
		{A6A470DF-827F-400C-A25D-34C4DE1017E5}.Release|Any CPU.Build.0 = Release|Any CPU
		{386404ED-B11E-4936-ADCA-A853FD565A97}.Debug|Any CPU.ActiveCfg = Debug|Any CPU
		{386404ED-B11E-4936-ADCA-A853FD565A97}.Debug|Any CPU.Build.0 = Debug|Any CPU
		{386404ED-B11E-4936-ADCA-A853FD565A97}.Release|Any CPU.ActiveCfg = Release|Any CPU
		{386404ED-B11E-4936-ADCA-A853FD565A97}.Release|Any CPU.Build.0 = Release|Any CPU
		{7062D86C-F943-41A3-B001-DAB8A4BCF45B}.Debug|Any CPU.ActiveCfg = Debug|Any CPU
		{7062D86C-F943-41A3-B001-DAB8A4BCF45B}.Debug|Any CPU.Build.0 = Debug|Any CPU
		{7062D86C-F943-41A3-B001-DAB8A4BCF45B}.Release|Any CPU.ActiveCfg = Release|Any CPU
		{7062D86C-F943-41A3-B001-DAB8A4BCF45B}.Release|Any CPU.Build.0 = Release|Any CPU
		{5DEF9A38-7004-4692-9E51-522045AAACB8}.Debug|Any CPU.ActiveCfg = Debug|Any CPU
		{5DEF9A38-7004-4692-9E51-522045AAACB8}.Debug|Any CPU.Build.0 = Debug|Any CPU
		{5DEF9A38-7004-4692-9E51-522045AAACB8}.Release|Any CPU.ActiveCfg = Release|Any CPU
		{5DEF9A38-7004-4692-9E51-522045AAACB8}.Release|Any CPU.Build.0 = Release|Any CPU
		{6A1521E3-F3A5-4DA5-93BB-E9A3D7B98F0C}.Debug|Any CPU.ActiveCfg = Debug|Any CPU
		{6A1521E3-F3A5-4DA5-93BB-E9A3D7B98F0C}.Debug|Any CPU.Build.0 = Debug|Any CPU
		{6A1521E3-F3A5-4DA5-93BB-E9A3D7B98F0C}.Release|Any CPU.ActiveCfg = Release|Any CPU
		{6A1521E3-F3A5-4DA5-93BB-E9A3D7B98F0C}.Release|Any CPU.Build.0 = Release|Any CPU
		{EAFD7740-5E10-4DFA-97B9-47E22B65F4F4}.Debug|Any CPU.ActiveCfg = Debug|Any CPU
		{EAFD7740-5E10-4DFA-97B9-47E22B65F4F4}.Debug|Any CPU.Build.0 = Debug|Any CPU
		{EAFD7740-5E10-4DFA-97B9-47E22B65F4F4}.Release|Any CPU.ActiveCfg = Release|Any CPU
		{EAFD7740-5E10-4DFA-97B9-47E22B65F4F4}.Release|Any CPU.Build.0 = Release|Any CPU
		{94BA4799-45A7-4FF3-9916-A01E2E4E24AD}.Debug|Any CPU.ActiveCfg = Debug|Any CPU
		{94BA4799-45A7-4FF3-9916-A01E2E4E24AD}.Debug|Any CPU.Build.0 = Debug|Any CPU
		{94BA4799-45A7-4FF3-9916-A01E2E4E24AD}.Release|Any CPU.ActiveCfg = Release|Any CPU
		{94BA4799-45A7-4FF3-9916-A01E2E4E24AD}.Release|Any CPU.Build.0 = Release|Any CPU
		{270FA976-8D0D-4457-BEA0-8A89039F2301}.Debug|Any CPU.ActiveCfg = Debug|Any CPU
		{270FA976-8D0D-4457-BEA0-8A89039F2301}.Debug|Any CPU.Build.0 = Debug|Any CPU
		{270FA976-8D0D-4457-BEA0-8A89039F2301}.Release|Any CPU.ActiveCfg = Release|Any CPU
		{270FA976-8D0D-4457-BEA0-8A89039F2301}.Release|Any CPU.Build.0 = Release|Any CPU
		{7887C340-FE28-4223-B1D7-D059B7689CA4}.Debug|Any CPU.ActiveCfg = Debug|Any CPU
		{7887C340-FE28-4223-B1D7-D059B7689CA4}.Debug|Any CPU.Build.0 = Debug|Any CPU
		{7887C340-FE28-4223-B1D7-D059B7689CA4}.Release|Any CPU.ActiveCfg = Release|Any CPU
		{7887C340-FE28-4223-B1D7-D059B7689CA4}.Release|Any CPU.Build.0 = Release|Any CPU
		{2CD176EF-8B97-4A85-8E74-48CFB1C0101D}.Debug|Any CPU.ActiveCfg = Debug|Any CPU
		{2CD176EF-8B97-4A85-8E74-48CFB1C0101D}.Debug|Any CPU.Build.0 = Debug|Any CPU
		{2CD176EF-8B97-4A85-8E74-48CFB1C0101D}.Release|Any CPU.ActiveCfg = Release|Any CPU
		{2CD176EF-8B97-4A85-8E74-48CFB1C0101D}.Release|Any CPU.Build.0 = Release|Any CPU
		{DF9FD19D-49A8-4D1A-AC3C-AE611467464B}.Debug|Any CPU.ActiveCfg = Debug|Any CPU
		{DF9FD19D-49A8-4D1A-AC3C-AE611467464B}.Debug|Any CPU.Build.0 = Debug|Any CPU
		{DF9FD19D-49A8-4D1A-AC3C-AE611467464B}.Release|Any CPU.ActiveCfg = Release|Any CPU
		{DF9FD19D-49A8-4D1A-AC3C-AE611467464B}.Release|Any CPU.Build.0 = Release|Any CPU
		{3728B5A3-A255-493F-BA8B-CE69AAAC556F}.Debug|Any CPU.ActiveCfg = Debug|Any CPU
		{3728B5A3-A255-493F-BA8B-CE69AAAC556F}.Debug|Any CPU.Build.0 = Debug|Any CPU
		{3728B5A3-A255-493F-BA8B-CE69AAAC556F}.Release|Any CPU.ActiveCfg = Release|Any CPU
		{3728B5A3-A255-493F-BA8B-CE69AAAC556F}.Release|Any CPU.Build.0 = Release|Any CPU
	EndGlobalSection
	GlobalSection(SolutionProperties) = preSolution
		HideSolutionNode = FALSE
	EndGlobalSection
	GlobalSection(NestedProjects) = preSolution
		{6CA35140-CDCB-460B-AA22-6F13CECE19B2} = {C589080C-B42C-4C32-8D48-AD33936EFAE3}
		{97F47F78-D4FC-4532-9A67-755419D347D3} = {C589080C-B42C-4C32-8D48-AD33936EFAE3}
		{84A5C79B-61C7-4804-9DAB-08A48D473A6A} = {C589080C-B42C-4C32-8D48-AD33936EFAE3}
		{15DA3282-55A2-4FF2-BC72-092F0DBDAEA3} = {C589080C-B42C-4C32-8D48-AD33936EFAE3}
		{CABF6EDD-6A92-493F-9BF3-894A2167789B} = {C589080C-B42C-4C32-8D48-AD33936EFAE3}
		{22F22463-ED45-41DD-9E78-D98B518A9EE0} = {C2B7C2CD-EF74-4E92-B184-72557902FE8F}
		{F805C044-CCED-40DE-A56A-197AF83D3E34} = {C2B7C2CD-EF74-4E92-B184-72557902FE8F}
		{A6A470DF-827F-400C-A25D-34C4DE1017E5} = {C2B7C2CD-EF74-4E92-B184-72557902FE8F}
		{386404ED-B11E-4936-ADCA-A853FD565A97} = {C2B7C2CD-EF74-4E92-B184-72557902FE8F}
		{7062D86C-F943-41A3-B001-DAB8A4BCF45B} = {C2B7C2CD-EF74-4E92-B184-72557902FE8F}
		{5DEF9A38-7004-4692-9E51-522045AAACB8} = {0255E5E1-9CFD-479E-9DC7-3AAD5AB86CF0}
		{6A1521E3-F3A5-4DA5-93BB-E9A3D7B98F0C} = {0255E5E1-9CFD-479E-9DC7-3AAD5AB86CF0}
		{EAFD7740-5E10-4DFA-97B9-47E22B65F4F4} = {0255E5E1-9CFD-479E-9DC7-3AAD5AB86CF0}
		{94BA4799-45A7-4FF3-9916-A01E2E4E24AD} = {0255E5E1-9CFD-479E-9DC7-3AAD5AB86CF0}
		{270FA976-8D0D-4457-BEA0-8A89039F2301} = {BAA63BF5-A415-4C97-9187-C0FF1802E491}
		{7887C340-FE28-4223-B1D7-D059B7689CA4} = {BAA63BF5-A415-4C97-9187-C0FF1802E491}
		{2CD176EF-8B97-4A85-8E74-48CFB1C0101D} = {BAA63BF5-A415-4C97-9187-C0FF1802E491}
		{DF9FD19D-49A8-4D1A-AC3C-AE611467464B} = {BAA63BF5-A415-4C97-9187-C0FF1802E491}
		{3728B5A3-A255-493F-BA8B-CE69AAAC556F} = {4F676F70-78CD-4F99-BF66-F98382F712B4}
	EndGlobalSection
	GlobalSection(ExtensibilityGlobals) = postSolution
		SolutionGuid = {BBC3FAE8-7460-4661-BFC8-E145D72159CE}
	EndGlobalSection
EndGlobal
